
Microsoft Visual Studio Solution File, Format Version 12.00
# Visual Studio Version 16
VisualStudioVersion = 16.0.31624.102
MinimumVisualStudioVersion = 10.0.40219.1
Project("{FAE04EC0-301F-11D3-BF4B-00C04F79EFBC}") = "CatalogoJogos.API", "CatalogoJogos.API\CatalogoJogos.API.csproj", "{3C0E17E9-38A3-445A-8C94-41454FC333F8}"
EndProject
Global
	GlobalSection(SolutionConfigurationPlatforms) = preSolution
		Debug|Any CPU = Debug|Any CPU
		Release|Any CPU = Release|Any CPU
	EndGlobalSection
	GlobalSection(ProjectConfigurationPlatforms) = postSolution
		{3C0E17E9-38A3-445A-8C94-41454FC333F8}.Debug|Any CPU.ActiveCfg = Debug|Any CPU
		{3C0E17E9-38A3-445A-8C94-41454FC333F8}.Debug|Any CPU.Build.0 = Debug|Any CPU
		{3C0E17E9-38A3-445A-8C94-41454FC333F8}.Release|Any CPU.ActiveCfg = Release|Any CPU
		{3C0E17E9-38A3-445A-8C94-41454FC333F8}.Release|Any CPU.Build.0 = Release|Any CPU
	EndGlobalSection
	GlobalSection(SolutionProperties) = preSolution
		HideSolutionNode = FALSE
	EndGlobalSection
	GlobalSection(ExtensibilityGlobals) = postSolution
		SolutionGuid = {E7DDFB6D-8115-4932-BC6A-80BE71BA3944}
	EndGlobalSection
EndGlobal
